
Microsoft Visual Studio Solution File, Format Version 12.00
# Visual Studio Version 16
VisualStudioVersion = 16.0.29609.76
MinimumVisualStudioVersion = 10.0.40219.1
Project("{9A19103F-16F7-4668-BE54-9A1E7A4F7556}") = "1U_ASP", "1U_ASP\1U_ASP.csproj", "{23F90448-1FDD-453A-95D4-D56BFF3821A0}"
EndProject
Project("{FAE04EC0-301F-11D3-BF4B-00C04F79EFBC}") = "Rabbit", "Rabbit\Rabbit.csproj", "{EA888991-20FA-44F5-A75B-9A648B7DFFAB}"
EndProject
Global
	GlobalSection(SolutionConfigurationPlatforms) = preSolution
		Debug|Any CPU = Debug|Any CPU
		Release|Any CPU = Release|Any CPU
	EndGlobalSection
	GlobalSection(ProjectConfigurationPlatforms) = postSolution
		{23F90448-1FDD-453A-95D4-D56BFF3821A0}.Debug|Any CPU.ActiveCfg = Debug|Any CPU
		{23F90448-1FDD-453A-95D4-D56BFF3821A0}.Debug|Any CPU.Build.0 = Debug|Any CPU
		{23F90448-1FDD-453A-95D4-D56BFF3821A0}.Release|Any CPU.ActiveCfg = Release|Any CPU
		{23F90448-1FDD-453A-95D4-D56BFF3821A0}.Release|Any CPU.Build.0 = Release|Any CPU
		{EA888991-20FA-44F5-A75B-9A648B7DFFAB}.Debug|Any CPU.ActiveCfg = Debug|Any CPU
		{EA888991-20FA-44F5-A75B-9A648B7DFFAB}.Debug|Any CPU.Build.0 = Debug|Any CPU
		{EA888991-20FA-44F5-A75B-9A648B7DFFAB}.Release|Any CPU.ActiveCfg = Release|Any CPU
		{EA888991-20FA-44F5-A75B-9A648B7DFFAB}.Release|Any CPU.Build.0 = Release|Any CPU
	EndGlobalSection
	GlobalSection(SolutionProperties) = preSolution
		HideSolutionNode = FALSE
	EndGlobalSection
	GlobalSection(ExtensibilityGlobals) = postSolution
		SolutionGuid = {270E5AFA-4D49-49B1-AF0B-7AEFF60C7F95}
	EndGlobalSection
EndGlobal
